
Microsoft Visual Studio Solution File, Format Version 12.00
Project("{FAE04EC0-301F-11D3-BF4B-00C04F79EFBC}") = "Gentitas.Plugins", "Gentitas.Plugins\Gentitas.Plugins.csproj", "{6E335A89-4D6A-4EED-A7AA-89B88CEF1CC1}"
EndProject
Project("{FAE04EC0-301F-11D3-BF4B-00C04F79EFBC}") = "Gentitas.Attributes", "Gentitas.Attributes\Gentitas.Attributes.csproj", "{6765D8C0-E823-460B-98B4-43C6E6D28F9A}"
EndProject
Global
	GlobalSection(SolutionConfigurationPlatforms) = preSolution
		Debug|Any CPU = Debug|Any CPU
		Release|Any CPU = Release|Any CPU
	EndGlobalSection
	GlobalSection(ProjectConfigurationPlatforms) = postSolution
		{6E335A89-4D6A-4EED-A7AA-89B88CEF1CC1}.Debug|Any CPU.ActiveCfg = Debug|Any CPU
		{6E335A89-4D6A-4EED-A7AA-89B88CEF1CC1}.Debug|Any CPU.Build.0 = Debug|Any CPU
		{6E335A89-4D6A-4EED-A7AA-89B88CEF1CC1}.Release|Any CPU.ActiveCfg = Release|Any CPU
		{6E335A89-4D6A-4EED-A7AA-89B88CEF1CC1}.Release|Any CPU.Build.0 = Release|Any CPU
		{6765D8C0-E823-460B-98B4-43C6E6D28F9A}.Debug|Any CPU.ActiveCfg = Debug|Any CPU
		{6765D8C0-E823-460B-98B4-43C6E6D28F9A}.Debug|Any CPU.Build.0 = Debug|Any CPU
		{6765D8C0-E823-460B-98B4-43C6E6D28F9A}.Release|Any CPU.ActiveCfg = Release|Any CPU
		{6765D8C0-E823-460B-98B4-43C6E6D28F9A}.Release|Any CPU.Build.0 = Release|Any CPU
	EndGlobalSection
EndGlobal
